Microsoft Visual Studio Solution File, Format Version 11.00
# Visual Studio 2008

Project("{8D2048F0-1AA8-8BED-F4A3-29246C5BE8AC}") = "PPPROJECT", "Assembly-CSharp.csproj", "{1B717127-3B5E-1B3D-9E9D-B295995D2650}"
EndProject
Global
	GlobalSection(SolutionConfigurationPlatforms) = preSolution
		Debug|Any CPU = Debug|Any CPU
		Release|Any CPU = Release|Any CPU
	EndGlobalSection
	GlobalSection(ProjectConfigurationPlatforms) = postSolution
		{1B717127-3B5E-1B3D-9E9D-B295995D2650}.Debug|Any CPU.ActiveCfg = Debug|Any CPU
		{1B717127-3B5E-1B3D-9E9D-B295995D2650}.Debug|Any CPU.Build.0 = Debug|Any CPU
		{1B717127-3B5E-1B3D-9E9D-B295995D2650}.Release|Any CPU.ActiveCfg = Release|Any CPU
		{1B717127-3B5E-1B3D-9E9D-B295995D2650}.Release|Any CPU.Build.0 = Release|Any CPU
	EndGlobalSection
	GlobalSection(SolutionProperties) = preSolution
		HideSolutionNode = FALSE
	EndGlobalSection
	GlobalSection(MonoDevelopProperties) = preSolution
		StartupItem = Assembly-CSharp.csproj
	EndGlobalSection
EndGlobal
